
Microsoft Visual Studio Solution File, Format Version 12.00
# Visual Studio Version 16
VisualStudioVersion = 16.0.808.5
MinimumVisualStudioVersion = 10.0.40219.1
Project("{FAE04EC0-301F-11D3-BF4B-00C04F79EFBC}") = "CoinbaseProReturnCalculator", "CoinbaseProReturnCalculator\CoinbaseProReturnCalculator.csproj", "{940AC08E-4C45-4739-89DB-120EF1C7262E}"
EndProject
Global
	GlobalSection(SolutionConfigurationPlatforms) = preSolution
		Debug|Any CPU = Debug|Any CPU
		Release|Any CPU = Release|Any CPU
	EndGlobalSection
	GlobalSection(ProjectConfigurationPlatforms) = postSolution
		{940AC08E-4C45-4739-89DB-120EF1C7262E}.Debug|Any CPU.ActiveCfg = Debug|Any CPU
		{940AC08E-4C45-4739-89DB-120EF1C7262E}.Debug|Any CPU.Build.0 = Debug|Any CPU
		{940AC08E-4C45-4739-89DB-120EF1C7262E}.Release|Any CPU.ActiveCfg = Release|Any CPU
		{940AC08E-4C45-4739-89DB-120EF1C7262E}.Release|Any CPU.Build.0 = Release|Any CPU
	EndGlobalSection
	GlobalSection(SolutionProperties) = preSolution
		HideSolutionNode = FALSE
	EndGlobalSection
	GlobalSection(ExtensibilityGlobals) = postSolution
		SolutionGuid = {7A200D33-2A61-42DA-BD29-9A0683F761CA}
	EndGlobalSection
EndGlobal
